<?xml version="1.0" encoding="utf-8"?>
<Project ToolsVersion="4.0" xmlns="http://schemas.microsoft.com/developer/msbuild/2003">
  <ItemGroup>
    <Filter Include="src">
      <UniqueIdentifier>{81d925ba-9049-4dfc-bb3f-45915c378dd5}</UniqueIdentifier>
    </Filter>
    <Filter Include="src\engine">
      <UniqueIdentifier>{b614c884-eba9-44eb-8a46-5cad1956e710}</UniqueIdentifier>
    </Filter>
    <Filter Include="src\engine\event">
      <UniqueIdentifier>{ec2ed1a6-cb72-4675-803d-3b87d7985bb4}</UniqueIdentifier>
    </Filter>
    <Filter Include="src\engine\application">
      <UniqueIdentifier>{18c2d901-d368-470e-8aa1-84db39470992}</UniqueIdentifier>
    </Filter>
    <Filter Include="src\engine\graphics">
      <UniqueIdentifier>{1e20681d-2f19-4319-b00b-048adb2faaaa}</UniqueIdentifier>
    </Filter>
  </ItemGroup>
  <ItemGroup>
    <ClCompile Include="src\engine\graphics\vulkan_context.cpp">
      <Filter>src\engine\graphics</Filter>
    </ClCompile>
    <ClCompile Include="src\engine\graphics\vulkan_device.cpp">
      <Filter>src\engine\graphics</Filter>
    </ClCompile>
    <ClCompile Include="src\engine\graphics\vulkan_helper.cpp">
      <Filter>src\engine\graphics</Filter>
    </ClCompile>
    <ClCompile Include="src\engine\graphics\vulkan_swapchain.cpp">
      <Filter>src\engine\graphics</Filter>
    </ClCompile>
    <ClCompile Include="src\engine\graphics\vulkan_window.cpp">
      <Filter>src\engine\graphics</Filter>
    </ClCompile>
    <ClCompile Include="src\engine\event\dispatcher.cpp">
      <Filter>src\engine\event</Filter>
    </ClCompile>
    <ClCompile Include="src\engine\application\app_base.cpp">
      <Filter>src\engine\application</Filter>
    </ClCompile>
    <ClCompile Include="src\engine\application\graphics_app.cpp">
      <Filter>src\engine\application</Filter>
    </ClCompile>
    <ClCompile Include="src\test.main.cpp">
      <Filter>src</Filter>
    </ClCompile>
    <ClCompile Include="src\engine\graphics\vulkan_buffer.cpp">
      <Filter>src\engine\graphics</Filter>
    </ClCompile>
    <ClCompile Include="src\engine\graphics\vulkan_depth_resource.cpp">
      <Filter>src\engine\graphics</Filter>
    </ClCompile>
    <ClCompile Include="src\engine\graphics\vulkan_render_pass.cpp">
      <Filter>src\engine\graphics</Filter>
    </ClCompile>
    <ClCompile Include="src\engine\graphics\vulkan_texture.cpp">
      <Filter>src\engine\graphics</Filter>
    </ClCompile>
  </ItemGroup>
  <ItemGroup>
    <ClInclude Include="src\engine\graphics\vulkan_context.h">
      <Filter>src\engine\graphics</Filter>
    </ClInclude>
    <ClInclude Include="src\engine\graphics\vulkan_device.h">
      <Filter>src\engine\graphics</Filter>
    </ClInclude>
    <ClInclude Include="src\engine\graphics\vulkan_helper.h">
      <Filter>src\engine\graphics</Filter>
    </ClInclude>
    <ClInclude Include="src\engine\graphics\vulkan_swapchain.h">
      <Filter>src\engine\graphics</Filter>
    </ClInclude>
    <ClInclude Include="src\engine\graphics\vulkan_window.h">
      <Filter>src\engine\graphics</Filter>
    </ClInclude>
    <ClInclude Include="src\engine\event\dispatcher.h">
      <Filter>src\engine\event</Filter>
    </ClInclude>
    <ClInclude Include="src\engine\event\event.h">
      <Filter>src\engine\event</Filter>
    </ClInclude>
    <ClInclude Include="src\engine\event\safe_event.h">
      <Filter>src\engine\event</Filter>
    </ClInclude>
    <ClInclude Include="src\engine\event\typed_map.h">
      <Filter>src\engine\event</Filter>
    </ClInclude>
    <ClInclude Include="src\engine\application\app_base.h">
      <Filter>src\engine\application</Filter>
    </ClInclude>
    <ClInclude Include="src\engine\application\graphics_app.h">
      <Filter>src\engine\application</Filter>
    </ClInclude>
    <ClInclude Include="src\engine\graphics\vulkan_buffer.h">
      <Filter>src\engine\graphics</Filter>
    </ClInclude>
    <ClInclude Include="src\engine\graphics\vulkan_depth_resource.h">
      <Filter>src\engine\graphics</Filter>
    </ClInclude>
    <ClInclude Include="src\engine\graphics\vulkan_render_pass.h">
      <Filter>src\engine\graphics</Filter>
    </ClInclude>
    <ClInclude Include="src\engine\graphics\vulkan_texture.h">
      <Filter>src\engine\graphics</Filter>
    </ClInclude>
  </ItemGroup>
</Project>