<?xml version="1.0" encoding="utf-8"?>
<Project ToolsVersion="4.0" xmlns="http://schemas.microsoft.com/developer/msbuild/2003">
  <ItemGroup>
    <Filter Include="src">
      <UniqueIdentifier>{81d925ba-9049-4dfc-bb3f-45915c378dd5}</UniqueIdentifier>
    </Filter>
  </ItemGroup>
  <ItemGroup>
    <ClCompile Include="src\color_disparity_graph.cpp">
      <Filter>src</Filter>
    </ClCompile>
    <ClCompile Include="src\main_stereo_matching.cpp">
      <Filter>src</Filter>
    </ClCompile>
    <ClCompile Include="src\stereo_matching.cpp">
      <Filter>src</Filter>
    </ClCompile>
  </ItemGroup>
  <ItemGroup>
    <ClInclude Include="src\color_disparity_graph.hpp">
      <Filter>src</Filter>
    </ClInclude>
    <ClInclude Include="src\stereo_matching.hpp">
      <Filter>src</Filter>
    </ClInclude>
  </ItemGroup>
</Project>